
Microsoft Visual Studio Solution File, Format Version 12.00
# Visual Studio Version 16
VisualStudioVersion = 16.0.31205.134
MinimumVisualStudioVersion = 10.0.40219.1
Project("{FAE04EC0-301F-11D3-BF4B-00C04F79EFBC}") = "VaccinationSystemManager", "VaccinationSystemManager.csproj", "{19B52AB5-5B11-41C8-BF67-78838F594B63}"
EndProject
Global
	GlobalSection(SolutionConfigurationPlatforms) = preSolution
		Debug|Any CPU = Debug|Any CPU
		Release|Any CPU = Release|Any CPU
	EndGlobalSection
	GlobalSection(ProjectConfigurationPlatforms) = postSolution
		{19B52AB5-5B11-41C8-BF67-78838F594B63}.Debug|Any CPU.ActiveCfg = Debug|Any CPU
		{19B52AB5-5B11-41C8-BF67-78838F594B63}.Debug|Any CPU.Build.0 = Debug|Any CPU
		{19B52AB5-5B11-41C8-BF67-78838F594B63}.Release|Any CPU.ActiveCfg = Release|Any CPU
		{19B52AB5-5B11-41C8-BF67-78838F594B63}.Release|Any CPU.Build.0 = Release|Any CPU
	EndGlobalSection
	GlobalSection(SolutionProperties) = preSolution
		HideSolutionNode = FALSE
	EndGlobalSection
	GlobalSection(ExtensibilityGlobals) = postSolution
		SolutionGuid = {04A47030-EB83-43CD-B55F-93A2F6DA17F7}
	EndGlobalSection
EndGlobal
