
Microsoft Visual Studio Solution File, Format Version 12.00
# Visual Studio Version 16
VisualStudioVersion = 16.0.31205.134
MinimumVisualStudioVersion = 10.0.40219.1
Project("{9A19103F-16F7-4668-BE54-9A1E7A4F7556}") = "VaccinationSystemManager", "VaccinationSystemManager.csproj", "{19B52AB5-5B11-41C8-BF67-78838F594B63}"
EndProject
Project("{54435603-DBB4-11D2-8724-00A0C9A8B90C}") = "VaccinationSystemManagerInstaller", "..\VaccinationSystemManagerInstaller\VaccinationSystemManagerInstaller.vdproj", "{E656B81E-1B46-4FC8-BF7C-3B0EABCD6B34}"
EndProject
Global
	GlobalSection(SolutionConfigurationPlatforms) = preSolution
		Debug|Any CPU = Debug|Any CPU
		Debug|x86 = Debug|x86
		Release|Any CPU = Release|Any CPU
		Release|x86 = Release|x86
	EndGlobalSection
	GlobalSection(ProjectConfigurationPlatforms) = postSolution
		{19B52AB5-5B11-41C8-BF67-78838F594B63}.Debug|Any CPU.ActiveCfg = Debug|Any CPU
		{19B52AB5-5B11-41C8-BF67-78838F594B63}.Debug|Any CPU.Build.0 = Debug|Any CPU
		{19B52AB5-5B11-41C8-BF67-78838F594B63}.Debug|x86.ActiveCfg = Debug|Any CPU
		{19B52AB5-5B11-41C8-BF67-78838F594B63}.Debug|x86.Build.0 = Debug|Any CPU
		{19B52AB5-5B11-41C8-BF67-78838F594B63}.Release|Any CPU.ActiveCfg = Release|Any CPU
		{19B52AB5-5B11-41C8-BF67-78838F594B63}.Release|Any CPU.Build.0 = Release|Any CPU
		{19B52AB5-5B11-41C8-BF67-78838F594B63}.Release|x86.ActiveCfg = Release|Any CPU
		{19B52AB5-5B11-41C8-BF67-78838F594B63}.Release|x86.Build.0 = Release|Any CPU
		{E656B81E-1B46-4FC8-BF7C-3B0EABCD6B34}.Debug|Any CPU.ActiveCfg = Debug
		{E656B81E-1B46-4FC8-BF7C-3B0EABCD6B34}.Debug|x86.ActiveCfg = Debug
		{E656B81E-1B46-4FC8-BF7C-3B0EABCD6B34}.Release|Any CPU.ActiveCfg = Release
		{E656B81E-1B46-4FC8-BF7C-3B0EABCD6B34}.Release|x86.ActiveCfg = Release
	EndGlobalSection
	GlobalSection(SolutionProperties) = preSolution
		HideSolutionNode = FALSE
	EndGlobalSection
	GlobalSection(ExtensibilityGlobals) = postSolution
		SolutionGuid = {04A47030-EB83-43CD-B55F-93A2F6DA17F7}
	EndGlobalSection
EndGlobal
